
Microsoft Visual Studio Solution File, Format Version 12.00
# Visual Studio Version 17
VisualStudioVersion = 17.13.35931.197 d17.13
MinimumVisualStudioVersion = 10.0.40219.1
Project("{FAE04EC0-301F-11D3-BF4B-00C04F79EFBC}") = "ControlProject", "ControlProject.csproj", "{235DF021-E81F-4EAC-8340-4C35F515789B}"
EndProject
Global
	GlobalSection(SolutionConfigurationPlatforms) = preSolution
		Debug|Any CPU = Debug|Any CPU
		Release|Any CPU = Release|Any CPU
	EndGlobalSection
	GlobalSection(ProjectConfigurationPlatforms) = postSolution
		{235DF021-E81F-4EAC-8340-4C35F515789B}.Debug|Any CPU.ActiveCfg = Debug|Any CPU
		{235DF021-E81F-4EAC-8340-4C35F515789B}.Debug|Any CPU.Build.0 = Debug|Any CPU
		{235DF021-E81F-4EAC-8340-4C35F515789B}.Release|Any CPU.ActiveCfg = Release|Any CPU
		{235DF021-E81F-4EAC-8340-4C35F515789B}.Release|Any CPU.Build.0 = Release|Any CPU
	EndGlobalSection
	GlobalSection(SolutionProperties) = preSolution
		HideSolutionNode = FALSE
	EndGlobalSection
	GlobalSection(ExtensibilityGlobals) = postSolution
		SolutionGuid = {DAAF794D-9BFF-48AF-8B91-48A3CD0BFF61}
	EndGlobalSection
EndGlobal
